<?xml version="1.0" encoding="UTF-8" standalone="yes" ?>
<CodeBlocks_project_file>
	<FileVersion major="1" minor="6" />
	<Project>
		<Option title="Vikuverkefni2" />
		<Option pch_mode="2" />
		<Option compiler="gcc" />
		<Build>
			<Target title="Debug">
				<Option output="bin/Debug/Vikuverkefni2" prefix_auto="1" extension_auto="1" />
				<Option object_output="obj/Debug/" />
				<Option type="1" />
				<Option compiler="gcc" />
				<Compiler>
					<Add option="-g" />
					<Add directory="models" />
					<Add directory="services" />
					<Add directory="repositories" />
					<Add directory="UI" />
					<Add directory="exceptions" />
				</Compiler>
			</Target>
			<Target title="Release">
				<Option output="bin/Release/Vikuverkefni2" prefix_auto="1" extension_auto="1" />
				<Option object_output="obj/Release/" />
				<Option type="1" />
				<Option compiler="gcc" />
				<Compiler>
					<Add option="-O2" />
					<Add directory="models" />
					<Add directory="services" />
					<Add directory="repositories" />
					<Add directory="UI" />
					<Add directory="exceptions" />
				</Compiler>
				<Linker>
					<Add option="-s" />
				</Linker>
			</Target>
		</Build>
		<Compiler>
			<Add option="-Wall" />
			<Add option="-fexceptions" />
		</Compiler>
		<Unit filename="UI/MainUI.cpp" />
		<Unit filename="UI/MainUI.h" />
		<Unit filename="UI/UIHandler.cpp" />
		<Unit filename="UI/UIHandler.h" />
		<Unit filename="exception/InvalidSaleryException.cpp" />
		<Unit filename="exceptions/InvalidMonthException.cpp" />
		<Unit filename="exceptions/InvalidMonthException.h" />
		<Unit filename="exceptions/InvalidNameException.cpp" />
		<Unit filename="exceptions/InvalidNameException.h" />
		<Unit filename="exceptions/InvalidSSNException.cpp" />
		<Unit filename="exceptions/InvalidSSNException.h" />
		<Unit filename="exceptions/InvalidSaleryException.h" />
		<Unit filename="exceptions/InvalidYearException.cpp" />
		<Unit filename="exceptions/InvalidYearException.h" />
		<Unit filename="exceptions/SaleryAlreadyExistsException.cpp" />
		<Unit filename="exceptions/SaleryAlreadyExistsException.h" />
		<Unit filename="main.cpp" />
		<Unit filename="models/Employee.cpp" />
		<Unit filename="models/Employee.h" />
		<Unit filename="repositories/EmployeeRepo.cpp" />
		<Unit filename="repositories/EmployeeRepo.h" />
		<Unit filename="services/EmployeeSaleryHandler.cpp" />
		<Unit filename="services/EmployeeSaleryHandler.h" />
		<Extensions>
			<code_completion />
			<envvars />
			<debugger />
			<lib_finder disable_auto="1" />
		</Extensions>
	</Project>
</CodeBlocks_project_file>
