<?xml version="1.0" encoding="UTF-8" standalone="yes" ?>
<CodeBlocks_project_file>
	<FileVersion major="1" minor="6" />
	<Project>
		<Option title="UI_V2.0" />
		<Option pch_mode="2" />
		<Option compiler="gcc" />
		<Build>
			<Target title="Debug">
				<Option output="bin/Debug/UI_V2" prefix_auto="1" extension_auto="1" />
				<Option object_output="obj/Debug/" />
				<Option type="1" />
				<Option compiler="gcc" />
				<Compiler>
					<Add option="-g" />
					<Add directory="UI" />
					<Add directory="exceptions" />
					<Add directory="data" />
					<Add directory="datatypes" />
					<Add directory="logic" />
					<Add directory="objects" />
					<Add directory="UIfunctions" />
				</Compiler>
			</Target>
			<Target title="Release">
				<Option output="bin/Release/UI_V2" prefix_auto="1" extension_auto="1" />
				<Option object_output="obj/Release/" />
				<Option type="1" />
				<Option compiler="gcc" />
				<Compiler>
					<Add option="-O2" />
					<Add directory="UI" />
					<Add directory="exceptions" />
					<Add directory="datatypes" />
					<Add directory="objects" />
					<Add directory="data" />
					<Add directory="logic" />
				</Compiler>
				<Linker>
					<Add option="-s" />
				</Linker>
			</Target>
		</Build>
		<Compiler>
			<Add option="-Wall" />
			<Add option="-fexceptions" />
		</Compiler>
		<Unit filename="UI/BakerUI.cpp" />
		<Unit filename="UI/BakerUI.h" />
		<Unit filename="UI/CustomerUI.cpp" />
		<Unit filename="UI/CustomerUI.h" />
		<Unit filename="UI/LoginUI.cpp" />
		<Unit filename="UI/LoginUI.h" />
		<Unit filename="UI/ManagerUI.cpp" />
		<Unit filename="UI/ManagerUI.h" />
		<Unit filename="UI/PhoneClerkUI.cpp" />
		<Unit filename="UI/PhoneClerkUI.h" />
		<Unit filename="UI/StoreClerkUI.cpp" />
		<Unit filename="UI/StoreClerkUI.h" />
		<Unit filename="UI/UITemplate.cpp" />
		<Unit filename="UI/UITemplate.h" />
		<Unit filename="UIfunctions/baker_functions.cpp" />
		<Unit filename="UIfunctions/baker_functions.h" />
		<Unit filename="UIfunctions/manager_functions.h" />
		<Unit filename="UIfunctions/order_functions.cpp" />
		<Unit filename="UIfunctions/order_functions.h" />
		<Unit filename="data/OrderRepo.cpp" />
		<Unit filename="data/OrderRepo.h" />
		<Unit filename="data/PizzaRepo.cpp" />
		<Unit filename="data/PizzaRepo.h" />
		<Unit filename="data/PizzaSizeRepo.cpp" />
		<Unit filename="data/PizzaSizeRepo.h" />
		<Unit filename="data/ToppingsRepo.cpp" />
		<Unit filename="data/ToppingsRepo.h" />
		<Unit filename="datatypes/PizzaStatus.h" />
		<Unit filename="datatypes/PizzaType.h" />
		<Unit filename="exceptions/InvalidInputException.cpp" />
		<Unit filename="exceptions/InvalidInputException.h" />
		<Unit filename="exceptions/InvalidName.cpp" />
		<Unit filename="exceptions/InvalidName.h" />
		<Unit filename="exceptions/InvalidPrice.cpp" />
		<Unit filename="exceptions/InvalidPrice.h" />
		<Unit filename="exceptions/InvalidSize.cpp" />
		<Unit filename="exceptions/InvalidSize.h" />
		<Unit filename="logic/OrderHandler.cpp" />
		<Unit filename="logic/OrderHandler.h" />
		<Unit filename="logic/PizzaHandler.cpp" />
		<Unit filename="logic/PizzaHandler.h" />
		<Unit filename="logic/PizzaSizeHandler.cpp" />
		<Unit filename="logic/PizzaSizeHandler.h" />
		<Unit filename="logic/StdInput.cpp" />
		<Unit filename="logic/StdInput.h" />
		<Unit filename="logic/ToppingsHandler.cpp" />
		<Unit filename="logic/ToppingsHandler.h" />
		<Unit filename="main.cpp" />
		<Unit filename="objects/Order.cpp" />
		<Unit filename="objects/Order.h" />
		<Unit filename="objects/Pizza.cpp" />
		<Unit filename="objects/Pizza.h" />
		<Unit filename="objects/PizzaSize.cpp" />
		<Unit filename="objects/PizzaSize.h" />
		<Unit filename="objects/Toppings.cpp" />
		<Unit filename="objects/Toppings.h" />
		<Extensions>
			<code_completion />
			<envvars />
			<debugger />
			<lib_finder disable_auto="1" />
		</Extensions>
	</Project>
</CodeBlocks_project_file>
